{
  "name": "benchmark",
  "lockfileVersion": 3,
  "requires": true,
  "packages": {
    "": {
      "devDependencies": {
        "@ls-lint/ls-lint": "^2.2.3",
        "ls-lint-go-npm": ".."
      }
    },
    "..": {
      "version": "2.2.2",
      "dev": true,
      "hasInstallScript": true,
      "license": "Apache-2.0",
      "dependencies": {
        "binary2npm": "https://github.com/dalisoft/binary2npm#v0.3.6"
      },
      "bin": {
        "ls-lint": "ls-lint"
      },
      "engines": {
        "node": ">=18.19.1"
      }
    },
    "node_modules/@ls-lint/ls-lint": {
      "version": "2.2.3",
      "resolved": "https://registry.npmjs.org/@ls-lint/ls-lint/-/ls-lint-2.2.3.tgz",
      "integrity": "sha512-ekM12jNm/7O2I/hsRv9HvYkRdfrHpiV1epVuI2NP+eTIcEgdIdKkKCs9KgQydu/8R5YXTov9aHdOgplmCHLupw==",
      "cpu": [
        "x64",
        "arm64",
        "s390x"
      ],
      "dev": true,
      "os": [
        "darwin",
        "linux",
        "win32"
      ],
      "bin": {
        "ls-lint": "bin/cli.js"
      }
    },
    "node_modules/ls-lint-go-npm": {
      "resolved": "..",
      "link": true
    }
  }
}
